<?xml version="1.0" encoding="utf-8"?>
<Project ToolsVersion="4.0" xmlns="http://schemas.microsoft.com/developer/msbuild/2003">
  <ItemGroup>
    <Filter Include="Файлы исходного кода">
      <UniqueIdentifier>{4FC737F1-C7A5-4376-A066-2A32D752A2FF}</UniqueIdentifier>
      <Extensions>cpp;c;cc;cxx;def;odl;idl;hpj;bat;asm;asmx</Extensions>
    </Filter>
    <Filter Include="Заголовочные файлы">
      <UniqueIdentifier>{93995380-89BD-4b04-88EB-625FBE52EBFB}</UniqueIdentifier>
      <Extensions>h;hh;hpp;hxx;hm;inl;inc;xsd</Extensions>
    </Filter>
    <Filter Include="Файлы ресурсов">
      <UniqueIdentifier>{67DA6AB6-F800-4c08-8B7A-83BB121AAD01}</UniqueIdentifier>
      <Extensions>rc;ico;cur;bmp;dlg;rc2;rct;bin;rgs;gif;jpg;jpeg;jpe;resx;tiff;tif;png;wav;mfcribbon-ms</Extensions>
    </Filter>
    <Filter Include="Images">
      <UniqueIdentifier>{12ea1588-aa3a-441c-9231-98fb5b69114b}</UniqueIdentifier>
    </Filter>
    <Filter Include="Fonts">
      <UniqueIdentifier>{2a25ee07-8ef9-40e8-a543-2ec0e3c38cef}</UniqueIdentifier>
    </Filter>
  </ItemGroup>
  <ItemGroup>
    <ClCompile Include="main.cpp">
      <Filter>Файлы исходного кода</Filter>
    </ClCompile>
    <ClCompile Include="tinyxml\tinystr.cpp">
      <Filter>Файлы исходного кода</Filter>
    </ClCompile>
    <ClCompile Include="tinyxml\tinyxml.cpp">
      <Filter>Файлы исходного кода</Filter>
    </ClCompile>
    <ClCompile Include="tinyxml\tinyxmlerror.cpp">
      <Filter>Файлы исходного кода</Filter>
    </ClCompile>
    <ClCompile Include="tinyxml\tinyxmlparser.cpp">
      <Filter>Файлы исходного кода</Filter>
    </ClCompile>
  </ItemGroup>
  <ItemGroup>
    <ClInclude Include="level.h">
      <Filter>Файлы исходного кода</Filter>
    </ClInclude>
    <ClInclude Include="tinyxml\tinystr.h">
      <Filter>Файлы исходного кода</Filter>
    </ClInclude>
    <ClInclude Include="tinyxml\tinyxml.h">
      <Filter>Файлы исходного кода</Filter>
    </ClInclude>
    <ClInclude Include="Animation.h">
      <Filter>Файлы исходного кода</Filter>
    </ClInclude>
    <ClInclude Include="Entity.h">
      <Filter>Файлы исходного кода</Filter>
    </ClInclude>
    <ClInclude Include="Player.h">
      <Filter>Файлы исходного кода</Filter>
    </ClInclude>
    <ClInclude Include="Bullet.h">
      <Filter>Файлы исходного кода</Filter>
    </ClInclude>
    <ClInclude Include="Enemy.h">
      <Filter>Файлы исходного кода</Filter>
    </ClInclude>
    <ClInclude Include="HealthBar.h">
      <Filter>Файлы исходного кода</Filter>
    </ClInclude>
    <ClInclude Include="MovingPlatform.h">
      <Filter>Файлы исходного кода</Filter>
    </ClInclude>
    <ClInclude Include="Game.h">
      <Filter>Файлы исходного кода</Filter>
    </ClInclude>
    <ClInclude Include="Menu.h">
      <Filter>Файлы исходного кода</Filter>
    </ClInclude>
    <ClInclude Include="MovingPlatformV.h">
      <Filter>Файлы исходного кода</Filter>
    </ClInclude>
    <ClInclude Include="Coins.h">
      <Filter>Файлы исходного кода</Filter>
    </ClInclude>
    <ClInclude Include="Bonus.h">
      <Filter>Файлы исходного кода</Filter>
    </ClInclude>
    <ClInclude Include="Screen.h">
      <Filter>Файлы исходного кода</Filter>
    </ClInclude>
    <ClInclude Include="cScreen.h">
      <Filter>Файлы исходного кода</Filter>
    </ClInclude>
  </ItemGroup>
  <ItemGroup>
    <None Include="resurs\Level2.tmx">
      <Filter>Файлы ресурсов</Filter>
    </None>
  </ItemGroup>
  <ItemGroup>
    <Xml Include="resurs\anim_megaman.xml">
      <Filter>Файлы ресурсов</Filter>
    </Xml>
  </ItemGroup>
  <ItemGroup>
    <Image Include="images\bg22.png">
      <Filter>Images</Filter>
    </Image>
    <Image Include="images\about programm.png">
      <Filter>Images</Filter>
    </Image>
    <Image Include="images\exit.png">
      <Filter>Images</Filter>
    </Image>
    <Image Include="images\bullet.png">
      <Filter>Images</Filter>
    </Image>
    <Image Include="images\games.png">
      <Filter>Images</Filter>
    </Image>
    <Image Include="images\enemy.png">
      <Filter>Images</Filter>
    </Image>
    <Image Include="images\bgLVL2.png">
      <Filter>Images</Filter>
    </Image>
    <Image Include="images\megaman.png">
      <Filter>Images</Filter>
    </Image>
    <Image Include="images\tileset2.png">
      <Filter>Images</Filter>
    </Image>
    <Image Include="images\Penguins.jpg">
      <Filter>Images</Filter>
    </Image>
    <Image Include="images\movingPlatform.png">
      <Filter>Images</Filter>
    </Image>
    <Image Include="images\movingPlatformV.png">
      <Filter>Images</Filter>
    </Image>
    <Image Include="images\HealthBar.png">
      <Filter>Images</Filter>
    </Image>
    <Image Include="images\bonus2.png">
      <Filter>Images</Filter>
    </Image>
    <Image Include="images\about.png">
      <Filter>Images</Filter>
    </Image>
  </ItemGroup>
  <ItemGroup>
    <Font Include="images\CyrilicOld.TTF">
      <Filter>Fonts</Filter>
    </Font>
  </ItemGroup>
</Project>